
Microsoft Visual Studio Solution File, Format Version 12.00
# Visual Studio 15
VisualStudioVersion = 15.0.28010.2036
MinimumVisualStudioVersion = 10.0.40219.1
Project("{FAE04EC0-301F-11D3-BF4B-00C04F79EFBC}") = "Laboratorio 5 diccionarios", "Laboratorio 5 diccionarios\Laboratorio 5 diccionarios.csproj", "{F4A0C4B5-F57C-4BC2-9FFE-DD75BB052D70}"
EndProject
Global
	GlobalSection(SolutionConfigurationPlatforms) = preSolution
		Debug|Any CPU = Debug|Any CPU
		Release|Any CPU = Release|Any CPU
	EndGlobalSection
	GlobalSection(ProjectConfigurationPlatforms) = postSolution
		{F4A0C4B5-F57C-4BC2-9FFE-DD75BB052D70}.Debug|Any CPU.ActiveCfg = Debug|Any CPU
		{F4A0C4B5-F57C-4BC2-9FFE-DD75BB052D70}.Debug|Any CPU.Build.0 = Debug|Any CPU
		{F4A0C4B5-F57C-4BC2-9FFE-DD75BB052D70}.Release|Any CPU.ActiveCfg = Release|Any CPU
		{F4A0C4B5-F57C-4BC2-9FFE-DD75BB052D70}.Release|Any CPU.Build.0 = Release|Any CPU
	EndGlobalSection
	GlobalSection(SolutionProperties) = preSolution
		HideSolutionNode = FALSE
	EndGlobalSection
	GlobalSection(ExtensibilityGlobals) = postSolution
		SolutionGuid = {7DAC03F7-DE98-4F10-89AD-6705A1154EDC}
	EndGlobalSection
EndGlobal
